
Microsoft Visual Studio Solution File, Format Version 12.00
# Visual Studio Version 17
VisualStudioVersion = 17.0.31903.59
MinimumVisualStudioVersion = 10.0.40219.1
Project("{FAE04EC0-301F-11D3-BF4B-00C04F79EFBC}") = "Products", "Products\Products.csproj", "{9055FD38-29EE-4232-B278-F67FC2D183FA}"
EndProject
Global
	GlobalSection(SolutionConfigurationPlatforms) = preSolution
		Debug|Any CPU = Debug|Any CPU
		Release|Any CPU = Release|Any CPU
	EndGlobalSection
	GlobalSection(ProjectConfigurationPlatforms) = postSolution
		{9055FD38-29EE-4232-B278-F67FC2D183FA}.Debug|Any CPU.ActiveCfg = Debug|Any CPU
		{9055FD38-29EE-4232-B278-F67FC2D183FA}.Debug|Any CPU.Build.0 = Debug|Any CPU
		{9055FD38-29EE-4232-B278-F67FC2D183FA}.Release|Any CPU.ActiveCfg = Release|Any CPU
		{9055FD38-29EE-4232-B278-F67FC2D183FA}.Release|Any CPU.Build.0 = Release|Any CPU
	EndGlobalSection
	GlobalSection(SolutionProperties) = preSolution
		HideSolutionNode = FALSE
	EndGlobalSection
	GlobalSection(ExtensibilityGlobals) = postSolution
		SolutionGuid = {E49A3BD6-C884-4430-97AA-FA30D8979896}
	EndGlobalSection
EndGlobal
